<?xml version="1.0" encoding="UTF-8" standalone="yes" ?>
<CodeBlocks_project_file>
	<FileVersion major="1" minor="6" />
	<Project>
		<Option title="FLL-timetable" />
		<Option pch_mode="2" />
		<Option compiler="gcc" />
		<Build>
			<Target title="Debug">
				<Option output="bin/Debug/FLL-timetable" prefix_auto="1" extension_auto="1" />
				<Option object_output="obj/Debug/" />
				<Option type="1" />
				<Option compiler="gcc" />
				<Compiler>
					<Add option="-g" />
				</Compiler>
			</Target>
			<Target title="Release">
				<Option output="bin/Release/FLL-timetable" prefix_auto="1" extension_auto="1" />
				<Option object_output="obj/Release/" />
				<Option type="1" />
				<Option compiler="gcc" />
				<Compiler>
					<Add option="-O2" />
				</Compiler>
				<Linker>
					<Add option="-s" />
				</Linker>
			</Target>
		</Build>
		<Compiler>
			<Add option="-std=c++11" />
			<Add option="-Wextra" />
			<Add option="-Wall" />
			<Add option="-fexceptions" />
		</Compiler>
		<Unit filename="AbstractGenerator.cpp" />
		<Unit filename="AbstractGenerator.hpp" />
		<Unit filename="Block.cpp" />
		<Unit filename="Block.hpp" />
		<Unit filename="Generator.cpp" />
		<Unit filename="Generator.hpp" />
		<Unit filename="MultiGenerator.cpp" />
		<Unit filename="MultiGenerator.hpp" />
		<Unit filename="Outputter.cpp" />
		<Unit filename="Outputter.hpp" />
		<Unit filename="Row.cpp" />
		<Unit filename="Row.hpp" />
		<Unit filename="State.cpp" />
		<Unit filename="State.hpp" />
		<Unit filename="Team.cpp" />
		<Unit filename="Team.hpp" />
		<Unit filename="TeamOutputter.cpp" />
		<Unit filename="TeamOutputter.hpp" />
		<Unit filename="Timer.cpp" />
		<Unit filename="Timer.hpp" />
		<Unit filename="common.cpp" />
		<Unit filename="common.hpp" />
		<Unit filename="csv/common.hpp" />
		<Unit filename="csv/csv.hpp" />
		<Unit filename="csv/input_iterator.cpp" />
		<Unit filename="csv/input_iterator.hpp" />
		<Unit filename="csv/output_iterator.cpp" />
		<Unit filename="csv/output_iterator.hpp" />
		<Unit filename="main.cpp" />
		<Extensions>
			<code_completion />
			<debugger />
		</Extensions>
	</Project>
</CodeBlocks_project_file>
